
Microsoft Visual Studio Solution File, Format Version 12.00
# Visual Studio Version 16
VisualStudioVersion = 16.0.30128.74
MinimumVisualStudioVersion = 10.0.40219.1
Project("{9A19103F-16F7-4668-BE54-9A1E7A4F7556}") = "EducationAccess", "FlashMoney\EducationAccess.csproj", "{4299E928-C767-4220-87D9-D038826CF71B}"
	ProjectSection(ProjectDependencies) = postProject
		{8940CAD9-9B8E-4A2C-90B9-397B405641E8} = {8940CAD9-9B8E-4A2C-90B9-397B405641E8}
	EndProjectSection
EndProject
Project("{9A19103F-16F7-4668-BE54-9A1E7A4F7556}") = "EducationAccessApi", "FlashMoneyApi\EducationAccessApi.csproj", "{8940CAD9-9B8E-4A2C-90B9-397B405641E8}"
EndProject
Global
	GlobalSection(SolutionConfigurationPlatforms) = preSolution
		Debug|Any CPU = Debug|Any CPU
		Release|Any CPU = Release|Any CPU
	EndGlobalSection
	GlobalSection(ProjectConfigurationPlatforms) = postSolution
		{4299E928-C767-4220-87D9-D038826CF71B}.Debug|Any CPU.ActiveCfg = Debug|Any CPU
		{4299E928-C767-4220-87D9-D038826CF71B}.Debug|Any CPU.Build.0 = Debug|Any CPU
		{4299E928-C767-4220-87D9-D038826CF71B}.Release|Any CPU.ActiveCfg = Release|Any CPU
		{4299E928-C767-4220-87D9-D038826CF71B}.Release|Any CPU.Build.0 = Release|Any CPU
		{8940CAD9-9B8E-4A2C-90B9-397B405641E8}.Debug|Any CPU.ActiveCfg = Debug|Any CPU
		{8940CAD9-9B8E-4A2C-90B9-397B405641E8}.Debug|Any CPU.Build.0 = Debug|Any CPU
		{8940CAD9-9B8E-4A2C-90B9-397B405641E8}.Release|Any CPU.ActiveCfg = Release|Any CPU
		{8940CAD9-9B8E-4A2C-90B9-397B405641E8}.Release|Any CPU.Build.0 = Release|Any CPU
	EndGlobalSection
	GlobalSection(SolutionProperties) = preSolution
		HideSolutionNode = FALSE
	EndGlobalSection
	GlobalSection(ExtensibilityGlobals) = postSolution
		SolutionGuid = {6CB02BFA-C0F9-4339-96AC-3B99F77EF8FB}
	EndGlobalSection
EndGlobal
